
Microsoft Visual Studio Solution File, Format Version 12.00
# Visual Studio Version 16
VisualStudioVersion = 16.0.31829.152
MinimumVisualStudioVersion = 10.0.40219.1
Project("{FAE04EC0-301F-11D3-BF4B-00C04F79EFBC}") = "RDLCReportViewer", "RDLCReportViewer\RDLCReportViewer.csproj", "{38F7566B-816D-4506-9D45-9E6A874C496D}"
EndProject
Global
	GlobalSection(SolutionConfigurationPlatforms) = preSolution
		Debug|Any CPU = Debug|Any CPU
		Release|Any CPU = Release|Any CPU
	EndGlobalSection
	GlobalSection(ProjectConfigurationPlatforms) = postSolution
		{38F7566B-816D-4506-9D45-9E6A874C496D}.Debug|Any CPU.ActiveCfg = Debug|Any CPU
		{38F7566B-816D-4506-9D45-9E6A874C496D}.Debug|Any CPU.Build.0 = Debug|Any CPU
		{38F7566B-816D-4506-9D45-9E6A874C496D}.Release|Any CPU.ActiveCfg = Release|Any CPU
		{38F7566B-816D-4506-9D45-9E6A874C496D}.Release|Any CPU.Build.0 = Release|Any CPU
	EndGlobalSection
	GlobalSection(SolutionProperties) = preSolution
		HideSolutionNode = FALSE
	EndGlobalSection
	GlobalSection(ExtensibilityGlobals) = postSolution
		SolutionGuid = {825C3D12-40BE-46F7-A3E2-84C4271E7E32}
	EndGlobalSection
EndGlobal
